// !$*UTF8*$!
{
	archiveVersion = 1;
	classes = {
	};
	objectVersion = 55;
	objects = {

/* Begin PBXBuildFile section */
		61ABEA583BBE2F460D3C3E66 /* Pods_LightController__iOS_.framework in Frameworks */ = {isa = PBXBuildFile; fileRef = 71C6216C5E9284130822CF0A /* Pods_LightController__iOS_.framework */; };
		6F29717C277EC18B00078CCD /* Tests_iOS.swift in Sources */ = {isa = PBXBuildFile; fileRef = 6F29717B277EC18B00078CCD /* Tests_iOS.swift */; };
		6F29717E277EC18B00078CCD /* Tests_iOSLaunchTests.swift in Sources */ = {isa = PBXBuildFile; fileRef = 6F29717D277EC18B00078CCD /* Tests_iOSLaunchTests.swift */; };
		6F297188277EC18B00078CCD /* Tests_macOS.swift in Sources */ = {isa = PBXBuildFile; fileRef = 6F297187277EC18B00078CCD /* Tests_macOS.swift */; };
		6F29718A277EC18B00078CCD /* Tests_macOSLaunchTests.swift in Sources */ = {isa = PBXBuildFile; fileRef = 6F297189277EC18B00078CCD /* Tests_macOSLaunchTests.swift */; };
		6F29718B277EC18B00078CCD /* LightControllerApp.swift in Sources */ = {isa = PBXBuildFile; fileRef = 6F297163277EC18900078CCD /* LightControllerApp.swift */; };
		6F29718C277EC18B00078CCD /* LightControllerApp.swift in Sources */ = {isa = PBXBuildFile; fileRef = 6F297163277EC18900078CCD /* LightControllerApp.swift */; };
		6F29718D277EC18B00078CCD /* ContentView.swift in Sources */ = {isa = PBXBuildFile; fileRef = 6F297164277EC18900078CCD /* ContentView.swift */; };
		6F29718E277EC18B00078CCD /* ContentView.swift in Sources */ = {isa = PBXBuildFile; fileRef = 6F297164277EC18900078CCD /* ContentView.swift */; };
		6F29718F277EC18B00078CCD /* Assets.xcassets in Resources */ = {isa = PBXBuildFile; fileRef = 6F297165277EC18B00078CCD /* Assets.xcassets */; };
		6F297190277EC18B00078CCD /* Assets.xcassets in Resources */ = {isa = PBXBuildFile; fileRef = 6F297165277EC18B00078CCD /* Assets.xcassets */; };
		6F8B7255277EC91B000623F9 /* Components.swift in Sources */ = {isa = PBXBuildFile; fileRef = 6F8B7254277EC91B000623F9 /* Components.swift */; };
		6F8B7256277EC91B000623F9 /* Components.swift in Sources */ = {isa = PBXBuildFile; fileRef = 6F8B7254277EC91B000623F9 /* Components.swift */; };
		6F8B7258277F9391000623F9 /* LightsAPI.swift in Sources */ = {isa = PBXBuildFile; fileRef = 6F8B7257277F9391000623F9 /* LightsAPI.swift */; };
		6F8B7259277F9391000623F9 /* LightsAPI.swift in Sources */ = {isa = PBXBuildFile; fileRef = 6F8B7257277F9391000623F9 /* LightsAPI.swift */; };
		DA4E8220F0B5D25A5DB8084F /* Pods_LightController__macOS_.framework in Frameworks */ = {isa = PBXBuildFile; fileRef = DC128BF92F82E9B474694DBD /* Pods_LightController__macOS_.framework */; };
/* End PBXBuildFile section */

/* Begin PBXContainerItemProxy section */
		6F297178277EC18B00078CCD /* PBXContainerItemProxy */ = {
			isa = PBXContainerItemProxy;
			containerPortal = 6F29715E277EC18900078CCD /* Project object */;
			proxyType = 1;
			remoteGlobalIDString = 6F297169277EC18B00078CCD;
			remoteInfo = "LightController (iOS)";
		};
		6F297184277EC18B00078CCD /* PBXContainerItemProxy */ = {
			isa = PBXContainerItemProxy;
			containerPortal = 6F29715E277EC18900078CCD /* Project object */;
			proxyType = 1;
			remoteGlobalIDString = 6F29716F277EC18B00078CCD;
			remoteInfo = "LightController (macOS)";
		};
/* End PBXContainerItemProxy section */

/* Begin PBXFileReference section */
		1D6FBB06405FF8C83EBA40A6 /* Pods-LightController (macOS).release.xcconfig */ = {isa = PBXFileReference; includeInIndex = 1; lastKnownFileType = text.xcconfig; name = "Pods-LightController (macOS).release.xcconfig"; path = "Target Support Files/Pods-LightController (macOS)/Pods-LightController (macOS).release.xcconfig"; sourceTree = "<group>"; };
		47C414B8AE28B4DBCA6B3E02 /* Pods-LightController (iOS).release.xcconfig */ = {isa = PBXFileReference; includeInIndex = 1; lastKnownFileType = text.xcconfig; name = "Pods-LightController (iOS).release.xcconfig"; path = "Target Support Files/Pods-LightController (iOS)/Pods-LightController (iOS).release.xcconfig"; sourceTree = "<group>"; };
		644AF3F65D2F9DFF504B434C /* Pods-LightController (macOS).debug.xcconfig */ = {isa = PBXFileReference; includeInIndex = 1; lastKnownFileType = text.xcconfig; name = "Pods-LightController (macOS).debug.xcconfig"; path = "Target Support Files/Pods-LightController (macOS)/Pods-LightController (macOS).debug.xcconfig"; sourceTree = "<group>"; };
		6F297163277EC18900078CCD /* LightControllerApp.swift */ = {isa = PBXFileReference; lastKnownFileType = sourcecode.swift; path = LightControllerApp.swift; sourceTree = "<group>"; };
		6F297164277EC18900078CCD /* ContentView.swift */ = {isa = PBXFileReference; lastKnownFileType = sourcecode.swift; path = ContentView.swift; sourceTree = "<group>"; };
		6F297165277EC18B00078CCD /* Assets.xcassets */ = {isa = PBXFileReference; lastKnownFileType = folder.assetcatalog; path = Assets.xcassets; sourceTree = "<group>"; };
		6F29716A277EC18B00078CCD /* LightController.app */ = {isa = PBXFileReference; explicitFileType = wrapper.application; includeInIndex = 0; path = LightController.app; sourceTree = BUILT_PRODUCTS_DIR; };
		6F297170277EC18B00078CCD /* LightController.app */ = {isa = PBXFileReference; explicitFileType = wrapper.application; includeInIndex = 0; path = LightController.app; sourceTree = BUILT_PRODUCTS_DIR; };
		6F297172277EC18B00078CCD /* macOS.entitlements */ = {isa = PBXFileReference; lastKnownFileType = text.plist.entitlements; path = macOS.entitlements; sourceTree = "<group>"; };
		6F297177277EC18B00078CCD /* Tests iOS.xctest */ = {isa = PBXFileReference; explicitFileType = wrapper.cfbundle; includeInIndex = 0; path = "Tests iOS.xctest"; sourceTree = BUILT_PRODUCTS_DIR; };
		6F29717B277EC18B00078CCD /* Tests_iOS.swift */ = {isa = PBXFileReference; lastKnownFileType = sourcecode.swift; path = Tests_iOS.swift; sourceTree = "<group>"; };
		6F29717D277EC18B00078CCD /* Tests_iOSLaunchTests.swift */ = {isa = PBXFileReference; lastKnownFileType = sourcecode.swift; path = Tests_iOSLaunchTests.swift; sourceTree = "<group>"; };
		6F297183277EC18B00078CCD /* Tests macOS.xctest */ = {isa = PBXFileReference; explicitFileType = wrapper.cfbundle; includeInIndex = 0; path = "Tests macOS.xctest"; sourceTree = BUILT_PRODUCTS_DIR; };
		6F297187277EC18B00078CCD /* Tests_macOS.swift */ = {isa = PBXFileReference; lastKnownFileType = sourcecode.swift; path = Tests_macOS.swift; sourceTree = "<group>"; };
		6F297189277EC18B00078CCD /* Tests_macOSLaunchTests.swift */ = {isa = PBXFileReference; lastKnownFileType = sourcecode.swift; path = Tests_macOSLaunchTests.swift; sourceTree = "<group>"; };
		6F8B7254277EC91B000623F9 /* Components.swift */ = {isa = PBXFileReference; lastKnownFileType = sourcecode.swift; path = Components.swift; sourceTree = "<group>"; };
		6F8B7257277F9391000623F9 /* LightsAPI.swift */ = {isa = PBXFileReference; lastKnownFileType = sourcecode.swift; path = LightsAPI.swift; sourceTree = "<group>"; };
		71C6216C5E9284130822CF0A /* Pods_LightController__iOS_.framework */ = {isa = PBXFileReference; explicitFileType = wrapper.framework; includeInIndex = 0; path = Pods_LightController__iOS_.framework; sourceTree = BUILT_PRODUCTS_DIR; };
		D9810620D21CD28DECE6B719 /* Pods-LightController (iOS).debug.xcconfig */ = {isa = PBXFileReference; includeInIndex = 1; lastKnownFileType = text.xcconfig; name = "Pods-LightController (iOS).debug.xcconfig"; path = "Target Support Files/Pods-LightController (iOS)/Pods-LightController (iOS).debug.xcconfig"; sourceTree = "<group>"; };
		DC128BF92F82E9B474694DBD /* Pods_LightController__macOS_.framework */ = {isa = PBXFileReference; explicitFileType = wrapper.framework; includeInIndex = 0; path = Pods_LightController__macOS_.framework; sourceTree = BUILT_PRODUCTS_DIR; };
/* End PBXFileReference section */

/* Begin PBXFrameworksBuildPhase section */
		6F297167277EC18B00078CCD /* Frameworks */ = {
			isa = PBXFrameworksBuildPhase;
			buildActionMask = 2147483647;
			files = (
				61ABEA583BBE2F460D3C3E66 /* Pods_LightController__iOS_.framework in Frameworks */,
			);
			runOnlyForDeploymentPostprocessing = 0;
		};
		6F29716D277EC18B00078CCD /* Frameworks */ = {
			isa = PBXFrameworksBuildPhase;
			buildActionMask = 2147483647;
			files = (
				DA4E8220F0B5D25A5DB8084F /* Pods_LightController__macOS_.framework in Frameworks */,
			);
			runOnlyForDeploymentPostprocessing = 0;
		};
		6F297174277EC18B00078CCD /* Frameworks */ = {
			isa = PBXFrameworksBuildPhase;
			buildActionMask = 2147483647;
			files = (
			);
			runOnlyForDeploymentPostprocessing = 0;
		};
		6F297180277EC18B00078CCD /* Frameworks */ = {
			isa = PBXFrameworksBuildPhase;
			buildActionMask = 2147483647;
			files = (
			);
			runOnlyForDeploymentPostprocessing = 0;
		};
/* End PBXFrameworksBuildPhase section */

/* Begin PBXGroup section */
		5972DB308D9E3B483C70B07F /* Frameworks */ = {
			isa = PBXGroup;
			children = (
				71C6216C5E9284130822CF0A /* Pods_LightController__iOS_.framework */,
				DC128BF92F82E9B474694DBD /* Pods_LightController__macOS_.framework */,
			);
			name = Frameworks;
			sourceTree = "<group>";
		};
		6F29715D277EC18900078CCD = {
			isa = PBXGroup;
			children = (
				6F297162277EC18900078CCD /* Shared */,
				6F297171277EC18B00078CCD /* macOS */,
				6F29717A277EC18B00078CCD /* Tests iOS */,
				6F297186277EC18B00078CCD /* Tests macOS */,
				6F29716B277EC18B00078CCD /* Products */,
				7BE68871926A6BC1F2F5D3B2 /* Pods */,
				5972DB308D9E3B483C70B07F /* Frameworks */,
			);
			sourceTree = "<group>";
		};
		6F297162277EC18900078CCD /* Shared */ = {
			isa = PBXGroup;
			children = (
				6F297163277EC18900078CCD /* LightControllerApp.swift */,
				6F297164277EC18900078CCD /* ContentView.swift */,
				6F297165277EC18B00078CCD /* Assets.xcassets */,
				6F8B7254277EC91B000623F9 /* Components.swift */,
				6F8B7257277F9391000623F9 /* LightsAPI.swift */,
			);
			path = Shared;
			sourceTree = "<group>";
		};
		6F29716B277EC18B00078CCD /* Products */ = {
			isa = PBXGroup;
			children = (
				6F29716A277EC18B00078CCD /* LightController.app */,
				6F297170277EC18B00078CCD /* LightController.app */,
				6F297177277EC18B00078CCD /* Tests iOS.xctest */,
				6F297183277EC18B00078CCD /* Tests macOS.xctest */,
			);
			name = Products;
			sourceTree = "<group>";
		};
		6F297171277EC18B00078CCD /* macOS */ = {
			isa = PBXGroup;
			children = (
				6F297172277EC18B00078CCD /* macOS.entitlements */,
			);
			path = macOS;
			sourceTree = "<group>";
		};
		6F29717A277EC18B00078CCD /* Tests iOS */ = {
			isa = PBXGroup;
			children = (
				6F29717B277EC18B00078CCD /* Tests_iOS.swift */,
				6F29717D277EC18B00078CCD /* Tests_iOSLaunchTests.swift */,
			);
			path = "Tests iOS";
			sourceTree = "<group>";
		};
		6F297186277EC18B00078CCD /* Tests macOS */ = {
			isa = PBXGroup;
			children = (
				6F297187277EC18B00078CCD /* Tests_macOS.swift */,
				6F297189277EC18B00078CCD /* Tests_macOSLaunchTests.swift */,
			);
			path = "Tests macOS";
			sourceTree = "<group>";
		};
		7BE68871926A6BC1F2F5D3B2 /* Pods */ = {
			isa = PBXGroup;
			children = (
				D9810620D21CD28DECE6B719 /* Pods-LightController (iOS).debug.xcconfig */,
				47C414B8AE28B4DBCA6B3E02 /* Pods-LightController (iOS).release.xcconfig */,
				644AF3F65D2F9DFF504B434C /* Pods-LightController (macOS).debug.xcconfig */,
				1D6FBB06405FF8C83EBA40A6 /* Pods-LightController (macOS).release.xcconfig */,
			);
			name = Pods;
			path = Pods;
			sourceTree = "<group>";
		};
/* End PBXGroup section */

/* Begin PBXNativeTarget section */
		6F297169277EC18B00078CCD /* LightController (iOS) */ = {
			isa = PBXNativeTarget;
			buildConfigurationList = 6F297193277EC18B00078CCD /* Build configuration list for PBXNativeTarget "LightController (iOS)" */;
			buildPhases = (
				C7278CA25612FDECCED20A31 /* [CP] Check Pods Manifest.lock */,
				6F297166277EC18B00078CCD /* Sources */,
				6F297167277EC18B00078CCD /* Frameworks */,
				6F297168277EC18B00078CCD /* Resources */,
				A6E86BAFC195FD0A920141FE /* [CP] Embed Pods Frameworks */,
			);
			buildRules = (
			);
			dependencies = (
			);
			name = "LightController (iOS)";
			productName = "LightController (iOS)";
			productReference = 6F29716A277EC18B00078CCD /* LightController.app */;
			productType = "com.apple.product-type.application";
		};
		6F29716F277EC18B00078CCD /* LightController (macOS) */ = {
			isa = PBXNativeTarget;
			buildConfigurationList = 6F297196277EC18B00078CCD /* Build configuration list for PBXNativeTarget "LightController (macOS)" */;
			buildPhases = (
				816A9BAE0BFFFEB46E6B33E6 /* [CP] Check Pods Manifest.lock */,
				6F29716C277EC18B00078CCD /* Sources */,
				6F29716D277EC18B00078CCD /* Frameworks */,
				6F29716E277EC18B00078CCD /* Resources */,
				01F3B82F7A30A489B0E6C01B /* [CP] Embed Pods Frameworks */,
			);
			buildRules = (
			);
			dependencies = (
			);
			name = "LightController (macOS)";
			productName = "LightController (macOS)";
			productReference = 6F297170277EC18B00078CCD /* LightController.app */;
			productType = "com.apple.product-type.application";
		};
		6F297176277EC18B00078CCD /* Tests iOS */ = {
			isa = PBXNativeTarget;
			buildConfigurationList = 6F297199277EC18B00078CCD /* Build configuration list for PBXNativeTarget "Tests iOS" */;
			buildPhases = (
				6F297173277EC18B00078CCD /* Sources */,
				6F297174277EC18B00078CCD /* Frameworks */,
				6F297175277EC18B00078CCD /* Resources */,
			);
			buildRules = (
			);
			dependencies = (
				6F297179277EC18B00078CCD /* PBXTargetDependency */,
			);
			name = "Tests iOS";
			productName = "Tests iOS";
			productReference = 6F297177277EC18B00078CCD /* Tests iOS.xctest */;
			productType = "com.apple.product-type.bundle.ui-testing";
		};
		6F297182277EC18B00078CCD /* Tests macOS */ = {
			isa = PBXNativeTarget;
			buildConfigurationList = 6F29719C277EC18B00078CCD /* Build configuration list for PBXNativeTarget "Tests macOS" */;
			buildPhases = (
				6F29717F277EC18B00078CCD /* Sources */,
				6F297180277EC18B00078CCD /* Frameworks */,
				6F297181277EC18B00078CCD /* Resources */,
			);
			buildRules = (
			);
			dependencies = (
				6F297185277EC18B00078CCD /* PBXTargetDependency */,
			);
			name = "Tests macOS";
			productName = "Tests macOS";
			productReference = 6F297183277EC18B00078CCD /* Tests macOS.xctest */;
			productType = "com.apple.product-type.bundle.ui-testing";
		};
/* End PBXNativeTarget section */

/* Begin PBXProject section */
		6F29715E277EC18900078CCD /* Project object */ = {
			isa = PBXProject;
			attributes = {
				BuildIndependentTargetsInParallel = 1;
				LastSwiftUpdateCheck = 1320;
				LastUpgradeCheck = 1320;
				TargetAttributes = {
					6F297169277EC18B00078CCD = {
						CreatedOnToolsVersion = 13.2.1;
					};
					6F29716F277EC18B00078CCD = {
						CreatedOnToolsVersion = 13.2.1;
					};
					6F297176277EC18B00078CCD = {
						CreatedOnToolsVersion = 13.2.1;
						TestTargetID = 6F297169277EC18B00078CCD;
					};
					6F297182277EC18B00078CCD = {
						CreatedOnToolsVersion = 13.2.1;
						TestTargetID = 6F29716F277EC18B00078CCD;
					};
				};
			};
			buildConfigurationList = 6F297161277EC18900078CCD /* Build configuration list for PBXProject "LightController" */;
			compatibilityVersion = "Xcode 13.0";
			developmentRegion = en;
			hasScannedForEncodings = 0;
			knownRegions = (
				en,
				Base,
			);
			mainGroup = 6F29715D277EC18900078CCD;
			productRefGroup = 6F29716B277EC18B00078CCD /* Products */;
			projectDirPath = "";
			projectRoot = "";
			targets = (
				6F297169277EC18B00078CCD /* LightController (iOS) */,
				6F29716F277EC18B00078CCD /* LightController (macOS) */,
				6F297176277EC18B00078CCD /* Tests iOS */,
				6F297182277EC18B00078CCD /* Tests macOS */,
			);
		};
/* End PBXProject section */

/* Begin PBXResourcesBuildPhase section */
		6F297168277EC18B00078CCD /* Resources */ = {
			isa = PBXResourcesBuildPhase;
			buildActionMask = 2147483647;
			files = (
				6F29718F277EC18B00078CCD /* Assets.xcassets in Resources */,
			);
			runOnlyForDeploymentPostprocessing = 0;
		};
		6F29716E277EC18B00078CCD /* Resources */ = {
			isa = PBXResourcesBuildPhase;
			buildActionMask = 2147483647;
			files = (
				6F297190277EC18B00078CCD /* Assets.xcassets in Resources */,
			);
			runOnlyForDeploymentPostprocessing = 0;
		};
		6F297175277EC18B00078CCD /* Resources */ = {
			isa = PBXResourcesBuildPhase;
			buildActionMask = 2147483647;
			files = (
			);
			runOnlyForDeploymentPostprocessing = 0;
		};
		6F297181277EC18B00078CCD /* Resources */ = {
			isa = PBXResourcesBuildPhase;
			buildActionMask = 2147483647;
			files = (
			);
			runOnlyForDeploymentPostprocessing = 0;
		};
/* End PBXResourcesBuildPhase section */

/* Begin PBXShellScriptBuildPhase section */
		01F3B82F7A30A489B0E6C01B /* [CP] Embed Pods Frameworks */ = {
			isa = PBXShellScriptBuildPhase;
			buildActionMask = 2147483647;
			files = (
			);
			inputFileListPaths = (
				"${PODS_ROOT}/Target Support Files/Pods-LightController (macOS)/Pods-LightController (macOS)-frameworks-${CONFIGURATION}-input-files.xcfilelist",
			);
			name = "[CP] Embed Pods Frameworks";
			outputFileListPaths = (
				"${PODS_ROOT}/Target Support Files/Pods-LightController (macOS)/Pods-LightController (macOS)-frameworks-${CONFIGURATION}-output-files.xcfilelist",
			);
			runOnlyForDeploymentPostprocessing = 0;
			shellPath = /bin/sh;
			shellScript = "\"${PODS_ROOT}/Target Support Files/Pods-LightController (macOS)/Pods-LightController (macOS)-frameworks.sh\"\n";
			showEnvVarsInLog = 0;
		};
		816A9BAE0BFFFEB46E6B33E6 /* [CP] Check Pods Manifest.lock */ = {
			isa = PBXShellScriptBuildPhase;
			buildActionMask = 2147483647;
			files = (
			);
			inputFileListPaths = (
			);
			inputPaths = (
				"${PODS_PODFILE_DIR_PATH}/Podfile.lock",
				"${PODS_ROOT}/Manifest.lock",
			);
			name = "[CP] Check Pods Manifest.lock";
			outputFileListPaths = (
			);
			outputPaths = (
				"$(DERIVED_FILE_DIR)/Pods-LightController (macOS)-checkManifestLockResult.txt",
			);
			runOnlyForDeploymentPostprocessing = 0;
			shellPath = /bin/sh;
			shellScript = "diff \"${PODS_PODFILE_DIR_PATH}/Podfile.lock\" \"${PODS_ROOT}/Manifest.lock\" > /dev/null\nif [ $? != 0 ] ; then\n    # print error to STDERR\n    echo \"error: The sandbox is not in sync with the Podfile.lock. Run 'pod install' or update your CocoaPods installation.\" >&2\n    exit 1\nfi\n# This output is used by Xcode 'outputs' to avoid re-running this script phase.\necho \"SUCCESS\" > \"${SCRIPT_OUTPUT_FILE_0}\"\n";
			showEnvVarsInLog = 0;
		};
		A6E86BAFC195FD0A920141FE /* [CP] Embed Pods Frameworks */ = {
			isa = PBXShellScriptBuildPhase;
			buildActionMask = 2147483647;
			files = (
			);
			inputFileListPaths = (
				"${PODS_ROOT}/Target Support Files/Pods-LightController (iOS)/Pods-LightController (iOS)-frameworks-${CONFIGURATION}-input-files.xcfilelist",
			);
			name = "[CP] Embed Pods Frameworks";
			outputFileListPaths = (
				"${PODS_ROOT}/Target Support Files/Pods-LightController (iOS)/Pods-LightController (iOS)-frameworks-${CONFIGURATION}-output-files.xcfilelist",
			);
			runOnlyForDeploymentPostprocessing = 0;
			shellPath = /bin/sh;
			shellScript = "\"${PODS_ROOT}/Target Support Files/Pods-LightController (iOS)/Pods-LightController (iOS)-frameworks.sh\"\n";
			showEnvVarsInLog = 0;
		};
		C7278CA25612FDECCED20A31 /* [CP] Check Pods Manifest.lock */ = {
			isa = PBXShellScriptBuildPhase;
			buildActionMask = 2147483647;
			files = (
			);
			inputFileListPaths = (
			);
			inputPaths = (
				"${PODS_PODFILE_DIR_PATH}/Podfile.lock",
				"${PODS_ROOT}/Manifest.lock",
			);
			name = "[CP] Check Pods Manifest.lock";
			outputFileListPaths = (
			);
			outputPaths = (
				"$(DERIVED_FILE_DIR)/Pods-LightController (iOS)-checkManifestLockResult.txt",
			);
			runOnlyForDeploymentPostprocessing = 0;
			shellPath = /bin/sh;
			shellScript = "diff \"${PODS_PODFILE_DIR_PATH}/Podfile.lock\" \"${PODS_ROOT}/Manifest.lock\" > /dev/null\nif [ $? != 0 ] ; then\n    # print error to STDERR\n    echo \"error: The sandbox is not in sync with the Podfile.lock. Run 'pod install' or update your CocoaPods installation.\" >&2\n    exit 1\nfi\n# This output is used by Xcode 'outputs' to avoid re-running this script phase.\necho \"SUCCESS\" > \"${SCRIPT_OUTPUT_FILE_0}\"\n";
			showEnvVarsInLog = 0;
		};
/* End PBXShellScriptBuildPhase section */

/* Begin PBXSourcesBuildPhase section */
		6F297166277EC18B00078CCD /* Sources */ = {
			isa = PBXSourcesBuildPhase;
			buildActionMask = 2147483647;
			files = (
				6F29718D277EC18B00078CCD /* ContentView.swift in Sources */,
				6F8B7255277EC91B000623F9 /* Components.swift in Sources */,
				6F29718B277EC18B00078CCD /* LightControllerApp.swift in Sources */,
				6F8B7258277F9391000623F9 /* LightsAPI.swift in Sources */,
			);
			runOnlyForDeploymentPostprocessing = 0;
		};
		6F29716C277EC18B00078CCD /* Sources */ = {
			isa = PBXSourcesBuildPhase;
			buildActionMask = 2147483647;
			files = (
				6F29718E277EC18B00078CCD /* ContentView.swift in Sources */,
				6F8B7256277EC91B000623F9 /* Components.swift in Sources */,
				6F29718C277EC18B00078CCD /* LightControllerApp.swift in Sources */,
				6F8B7259277F9391000623F9 /* LightsAPI.swift in Sources */,
			);
			runOnlyForDeploymentPostprocessing = 0;
		};
		6F297173277EC18B00078CCD /* Sources */ = {
			isa = PBXSourcesBuildPhase;
			buildActionMask = 2147483647;
			files = (
				6F29717E277EC18B00078CCD /* Tests_iOSLaunchTests.swift in Sources */,
				6F29717C277EC18B00078CCD /* Tests_iOS.swift in Sources */,
			);
			runOnlyForDeploymentPostprocessing = 0;
		};
		6F29717F277EC18B00078CCD /* Sources */ = {
			isa = PBXSourcesBuildPhase;
			buildActionMask = 2147483647;
			files = (
				6F29718A277EC18B00078CCD /* Tests_macOSLaunchTests.swift in Sources */,
				6F297188277EC18B00078CCD /* Tests_macOS.swift in Sources */,
			);
			runOnlyForDeploymentPostprocessing = 0;
		};
/* End PBXSourcesBuildPhase section */

/* Begin PBXTargetDependency section */
		6F297179277EC18B00078CCD /* PBXTargetDependency */ = {
			isa = PBXTargetDependency;
			target = 6F297169277EC18B00078CCD /* LightController (iOS) */;
			targetProxy = 6F297178277EC18B00078CCD /* PBXContainerItemProxy */;
		};
		6F297185277EC18B00078CCD /* PBXTargetDependency */ = {
			isa = PBXTargetDependency;
			target = 6F29716F277EC18B00078CCD /* LightController (macOS) */;
			targetProxy = 6F297184277EC18B00078CCD /* PBXContainerItemProxy */;
		};
/* End PBXTargetDependency section */

/* Begin XCBuildConfiguration section */
		6F297191277EC18B00078CCD /* Debug */ = {
			isa = XCBuildConfiguration;
			buildSettings = {
				ALWAYS_SEARCH_USER_PATHS = NO;
				CLANG_ANALYZER_NONNULL = YES;
				CLANG_ANALYZER_NUMBER_OBJECT_CONVERSION = YES_AGGRESSIVE;
				CLANG_CXX_LANGUAGE_STANDARD = "gnu++17";
				CLANG_CXX_LIBRARY = "libc++";
				CLANG_ENABLE_MODULES = YES;
				CLANG_ENABLE_OBJC_ARC = YES;
				CLANG_ENABLE_OBJC_WEAK = YES;
				CLANG_WARN_BLOCK_CAPTURE_AUTORELEASING = YES;
				CLANG_WARN_BOOL_CONVERSION = YES;
				CLANG_WARN_COMMA = YES;
				CLANG_WARN_CONSTANT_CONVERSION = YES;
				CLANG_WARN_DEPRECATED_OBJC_IMPLEMENTATIONS = YES;
				CLANG_WARN_DIRECT_OBJC_ISA_USAGE = YES_ERROR;
				CLANG_WARN_DOCUMENTATION_COMMENTS = YES;
				CLANG_WARN_EMPTY_BODY = YES;
				CLANG_WARN_ENUM_CONVERSION = YES;
				CLANG_WARN_INFINITE_RECURSION = YES;
				CLANG_WARN_INT_CONVERSION = YES;
				CLANG_WARN_NON_LITERAL_NULL_CONVERSION = YES;
				CLANG_WARN_OBJC_IMPLICIT_RETAIN_SELF = YES;
				CLANG_WARN_OBJC_LITERAL_CONVERSION = YES;
				CLANG_WARN_OBJC_ROOT_CLASS = YES_ERROR;
				CLANG_WARN_QUOTED_INCLUDE_IN_FRAMEWORK_HEADER = YES;
				CLANG_WARN_RANGE_LOOP_ANALYSIS = YES;
				CLANG_WARN_STRICT_PROTOTYPES = YES;
				CLANG_WARN_SUSPICIOUS_MOVE = YES;
				CLANG_WARN_UNGUARDED_AVAILABILITY = YES_AGGRESSIVE;
				CLANG_WARN_UNREACHABLE_CODE = YES;
				CLANG_WARN__DUPLICATE_METHOD_MATCH = YES;
				COPY_PHASE_STRIP = NO;
				DEBUG_INFORMATION_FORMAT = dwarf;
				ENABLE_STRICT_OBJC_MSGSEND = YES;
				ENABLE_TESTABILITY = YES;
				GCC_C_LANGUAGE_STANDARD = gnu11;
				GCC_DYNAMIC_NO_PIC = NO;
				GCC_NO_COMMON_BLOCKS = YES;
				GCC_OPTIMIZATION_LEVEL = 0;
				GCC_PREPROCESSOR_DEFINITIONS = (
					"DEBUG=1",
					"$(inherited)",
				);
				GCC_WARN_64_TO_32_BIT_CONVERSION = YES;
				GCC_WARN_ABOUT_RETURN_TYPE = YES_ERROR;
				GCC_WARN_UNDECLARED_SELECTOR = YES;
				GCC_WARN_UNINITIALIZED_AUTOS = YES_AGGRESSIVE;
				GCC_WARN_UNUSED_FUNCTION = YES;
				GCC_WARN_UNUSED_VARIABLE = YES;
				MTL_ENABLE_DEBUG_INFO = INCLUDE_SOURCE;
				MTL_FAST_MATH = YES;
				ONLY_ACTIVE_ARCH = YES;
				SWIFT_ACTIVE_COMPILATION_CONDITIONS = DEBUG;
				SWIFT_OPTIMIZATION_LEVEL = "-Onone";
			};
			name = Debug;
		};
		6F297192277EC18B00078CCD /* Release */ = {
			isa = XCBuildConfiguration;
			buildSettings = {
				ALWAYS_SEARCH_USER_PATHS = NO;
				CLANG_ANALYZER_NONNULL = YES;
				CLANG_ANALYZER_NUMBER_OBJECT_CONVERSION = YES_AGGRESSIVE;
				CLANG_CXX_LANGUAGE_STANDARD = "gnu++17";
				CLANG_CXX_LIBRARY = "libc++";
				CLANG_ENABLE_MODULES = YES;
				CLANG_ENABLE_OBJC_ARC = YES;
				CLANG_ENABLE_OBJC_WEAK = YES;
				CLANG_WARN_BLOCK_CAPTURE_AUTORELEASING = YES;
				CLANG_WARN_BOOL_CONVERSION = YES;
				CLANG_WARN_COMMA = YES;
				CLANG_WARN_CONSTANT_CONVERSION = YES;
				CLANG_WARN_DEPRECATED_OBJC_IMPLEMENTATIONS = YES;
				CLANG_WARN_DIRECT_OBJC_ISA_USAGE = YES_ERROR;
				CLANG_WARN_DOCUMENTATION_COMMENTS = YES;
				CLANG_WARN_EMPTY_BODY = YES;
				CLANG_WARN_ENUM_CONVERSION = YES;
				CLANG_WARN_INFINITE_RECURSION = YES;
				CLANG_WARN_INT_CONVERSION = YES;
				CLANG_WARN_NON_LITERAL_NULL_CONVERSION = YES;
				CLANG_WARN_OBJC_IMPLICIT_RETAIN_SELF = YES;
				CLANG_WARN_OBJC_LITERAL_CONVERSION = YES;
				CLANG_WARN_OBJC_ROOT_CLASS = YES_ERROR;
				CLANG_WARN_QUOTED_INCLUDE_IN_FRAMEWORK_HEADER = YES;
				CLANG_WARN_RANGE_LOOP_ANALYSIS = YES;
				CLANG_WARN_STRICT_PROTOTYPES = YES;
				CLANG_WARN_SUSPICIOUS_MOVE = YES;
				CLANG_WARN_UNGUARDED_AVAILABILITY = YES_AGGRESSIVE;
				CLANG_WARN_UNREACHABLE_CODE = YES;
				CLANG_WARN__DUPLICATE_METHOD_MATCH = YES;
				COPY_PHASE_STRIP = NO;
				DEBUG_INFORMATION_FORMAT = "dwarf-with-dsym";
				ENABLE_NS_ASSERTIONS = NO;
				ENABLE_STRICT_OBJC_MSGSEND = YES;
				GCC_C_LANGUAGE_STANDARD = gnu11;
				GCC_NO_COMMON_BLOCKS = YES;
				GCC_WARN_64_TO_32_BIT_CONVERSION = YES;
				GCC_WARN_ABOUT_RETURN_TYPE = YES_ERROR;
				GCC_WARN_UNDECLARED_SELECTOR = YES;
				GCC_WARN_UNINITIALIZED_AUTOS = YES_AGGRESSIVE;
				GCC_WARN_UNUSED_FUNCTION = YES;
				GCC_WARN_UNUSED_VARIABLE = YES;
				MTL_ENABLE_DEBUG_INFO = NO;
				MTL_FAST_MATH = YES;
				SWIFT_COMPILATION_MODE = wholemodule;
				SWIFT_OPTIMIZATION_LEVEL = "-O";
			};
			name = Release;
		};
		6F297194277EC18B00078CCD /* Debug */ = {
			isa = XCBuildConfiguration;
			baseConfigurationReference = D9810620D21CD28DECE6B719 /* Pods-LightController (iOS).debug.xcconfig */;
			buildSettings = {
				ASSETCATALOG_COMPILER_APPICON_NAME = AppIcon;
				ASSETCATALOG_COMPILER_GLOBAL_ACCENT_COLOR_NAME = AccentColor;
				CODE_SIGN_STYLE = Automatic;
				CURRENT_PROJECT_VERSION = 1;
				ENABLE_PREVIEWS = YES;
				GENERATE_INFOPLIST_FILE = YES;
				INFOPLIST_KEY_UIApplicationSceneManifest_Generation = YES;
				INFOPLIST_KEY_UIApplicationSupportsIndirectInputEvents = YES;
				INFOPLIST_KEY_UILaunchScreen_Generation = YES;
				INFOPLIST_KEY_UISupportedInterfaceOrientations_iPad = "UIInterfaceOrientationPortrait UIInterfaceOrientationPortraitUpsideDown UIInterfaceOrientationLandscapeLeft UIInterfaceOrientationLandscapeRight";
				INFOPLIST_KEY_UISupportedInterfaceOrientations_iPhone = "UIInterfaceOrientationPortrait UIInterfaceOrientationLandscapeLeft UIInterfaceOrientationLandscapeRight";
				IPHONEOS_DEPLOYMENT_TARGET = 15.2;
				LD_RUNPATH_SEARCH_PATHS = (
					"$(inherited)",
					"@executable_path/Frameworks",
				);
				MARKETING_VERSION = 1.0;
				PRODUCT_BUNDLE_IDENTIFIER = "Aidan-Donaghey.LightController";
				PRODUCT_NAME = LightController;
				SDKROOT = iphoneos;
				SWIFT_EMIT_LOC_STRINGS = YES;
				SWIFT_VERSION = 5.0;
				TARGETED_DEVICE_FAMILY = "1,2";
			};
			name = Debug;
		};
		6F297195277EC18B00078CCD /* Release */ = {
			isa = XCBuildConfiguration;
			baseConfigurationReference = 47C414B8AE28B4DBCA6B3E02 /* Pods-LightController (iOS).release.xcconfig */;
			buildSettings = {
				ASSETCATALOG_COMPILER_APPICON_NAME = AppIcon;
				ASSETCATALOG_COMPILER_GLOBAL_ACCENT_COLOR_NAME = AccentColor;
				CODE_SIGN_STYLE = Automatic;
				CURRENT_PROJECT_VERSION = 1;
				ENABLE_PREVIEWS = YES;
				GENERATE_INFOPLIST_FILE = YES;
				INFOPLIST_KEY_UIApplicationSceneManifest_Generation = YES;
				INFOPLIST_KEY_UIApplicationSupportsIndirectInputEvents = YES;
				INFOPLIST_KEY_UILaunchScreen_Generation = YES;
				INFOPLIST_KEY_UISupportedInterfaceOrientations_iPad = "UIInterfaceOrientationPortrait UIInterfaceOrientationPortraitUpsideDown UIInterfaceOrientationLandscapeLeft UIInterfaceOrientationLandscapeRight";
				INFOPLIST_KEY_UISupportedInterfaceOrientations_iPhone = "UIInterfaceOrientationPortrait UIInterfaceOrientationLandscapeLeft UIInterfaceOrientationLandscapeRight";
				IPHONEOS_DEPLOYMENT_TARGET = 15.2;
				LD_RUNPATH_SEARCH_PATHS = (
					"$(inherited)",
					"@executable_path/Frameworks",
				);
				MARKETING_VERSION = 1.0;
				PRODUCT_BUNDLE_IDENTIFIER = "Aidan-Donaghey.LightController";
				PRODUCT_NAME = LightController;
				SDKROOT = iphoneos;
				SWIFT_EMIT_LOC_STRINGS = YES;
				SWIFT_VERSION = 5.0;
				TARGETED_DEVICE_FAMILY = "1,2";
				VALIDATE_PRODUCT = YES;
			};
			name = Release;
		};
		6F297197277EC18B00078CCD /* Debug */ = {
			isa = XCBuildConfiguration;
			baseConfigurationReference = 644AF3F65D2F9DFF504B434C /* Pods-LightController (macOS).debug.xcconfig */;
			buildSettings = {
				ASSETCATALOG_COMPILER_APPICON_NAME = AppIcon;
				ASSETCATALOG_COMPILER_GLOBAL_ACCENT_COLOR_NAME = AccentColor;
				CODE_SIGN_ENTITLEMENTS = macOS/macOS.entitlements;
				CODE_SIGN_STYLE = Automatic;
				COMBINE_HIDPI_IMAGES = YES;
				CURRENT_PROJECT_VERSION = 1;
				ENABLE_PREVIEWS = YES;
				GENERATE_INFOPLIST_FILE = YES;
				INFOPLIST_KEY_NSHumanReadableCopyright = "";
				LD_RUNPATH_SEARCH_PATHS = (
					"$(inherited)",
					"@executable_path/../Frameworks",
				);
				MACOSX_DEPLOYMENT_TARGET = 12.1;
				MARKETING_VERSION = 1.0;
				PRODUCT_BUNDLE_IDENTIFIER = "Aidan-Donaghey.LightController";
				PRODUCT_NAME = LightController;
				SDKROOT = macosx;
				SWIFT_EMIT_LOC_STRINGS = YES;
				SWIFT_VERSION = 5.0;
			};
			name = Debug;
		};
		6F297198277EC18B00078CCD /* Release */ = {
			isa = XCBuildConfiguration;
			baseConfigurationReference = 1D6FBB06405FF8C83EBA40A6 /* Pods-LightController (macOS).release.xcconfig */;
			buildSettings = {
				ASSETCATALOG_COMPILER_APPICON_NAME = AppIcon;
				ASSETCATALOG_COMPILER_GLOBAL_ACCENT_COLOR_NAME = AccentColor;
				CODE_SIGN_ENTITLEMENTS = macOS/macOS.entitlements;
				CODE_SIGN_STYLE = Automatic;
				COMBINE_HIDPI_IMAGES = YES;
				CURRENT_PROJECT_VERSION = 1;
				ENABLE_PREVIEWS = YES;
				GENERATE_INFOPLIST_FILE = YES;
				INFOPLIST_KEY_NSHumanReadableCopyright = "";
				LD_RUNPATH_SEARCH_PATHS = (
					"$(inherited)",
					"@executable_path/../Frameworks",
				);
				MACOSX_DEPLOYMENT_TARGET = 12.1;
				MARKETING_VERSION = 1.0;
				PRODUCT_BUNDLE_IDENTIFIER = "Aidan-Donaghey.LightController";
				PRODUCT_NAME = LightController;
				SDKROOT = macosx;
				SWIFT_EMIT_LOC_STRINGS = YES;
				SWIFT_VERSION = 5.0;
			};
			name = Release;
		};
		6F29719A277EC18B00078CCD /* Debug */ = {
			isa = XCBuildConfiguration;
			buildSettings = {
				ALWAYS_EMBED_SWIFT_STANDARD_LIBRARIES = YES;
				CODE_SIGN_STYLE = Automatic;
				CURRENT_PROJECT_VERSION = 1;
				GENERATE_INFOPLIST_FILE = YES;
				IPHONEOS_DEPLOYMENT_TARGET = 15.2;
				MARKETING_VERSION = 1.0;
				PRODUCT_BUNDLE_IDENTIFIER = "Aidan-Donaghey.Tests-iOS";
				PRODUCT_NAME = "$(TARGET_NAME)";
				SDKROOT = iphoneos;
				SWIFT_EMIT_LOC_STRINGS = NO;
				SWIFT_VERSION = 5.0;
				TARGETED_DEVICE_FAMILY = "1,2";
				TEST_TARGET_NAME = "LightController (iOS)";
			};
			name = Debug;
		};
		6F29719B277EC18B00078CCD /* Release */ = {
			isa = XCBuildConfiguration;
			buildSettings = {
				ALWAYS_EMBED_SWIFT_STANDARD_LIBRARIES = YES;
				CODE_SIGN_STYLE = Automatic;
				CURRENT_PROJECT_VERSION = 1;
				GENERATE_INFOPLIST_FILE = YES;
				IPHONEOS_DEPLOYMENT_TARGET = 15.2;
				MARKETING_VERSION = 1.0;
				PRODUCT_BUNDLE_IDENTIFIER = "Aidan-Donaghey.Tests-iOS";
				PRODUCT_NAME = "$(TARGET_NAME)";
				SDKROOT = iphoneos;
				SWIFT_EMIT_LOC_STRINGS = NO;
				SWIFT_VERSION = 5.0;
				TARGETED_DEVICE_FAMILY = "1,2";
				TEST_TARGET_NAME = "LightController (iOS)";
				VALIDATE_PRODUCT = YES;
			};
			name = Release;
		};
		6F29719D277EC18B00078CCD /* Debug */ = {
			isa = XCBuildConfiguration;
			buildSettings = {
				ALWAYS_EMBED_SWIFT_STANDARD_LIBRARIES = YES;
				CODE_SIGN_STYLE = Automatic;
				CURRENT_PROJECT_VERSION = 1;
				GENERATE_INFOPLIST_FILE = YES;
				MACOSX_DEPLOYMENT_TARGET = 12.1;
				MARKETING_VERSION = 1.0;
				PRODUCT_BUNDLE_IDENTIFIER = "Aidan-Donaghey.Tests-macOS";
				PRODUCT_NAME = "$(TARGET_NAME)";
				SDKROOT = macosx;
				SWIFT_EMIT_LOC_STRINGS = NO;
				SWIFT_VERSION = 5.0;
				TEST_TARGET_NAME = "LightController (macOS)";
			};
			name = Debug;
		};
		6F29719E277EC18B00078CCD /* Release */ = {
			isa = XCBuildConfiguration;
			buildSettings = {
				ALWAYS_EMBED_SWIFT_STANDARD_LIBRARIES = YES;
				CODE_SIGN_STYLE = Automatic;
				CURRENT_PROJECT_VERSION = 1;
				GENERATE_INFOPLIST_FILE = YES;
				MACOSX_DEPLOYMENT_TARGET = 12.1;
				MARKETING_VERSION = 1.0;
				PRODUCT_BUNDLE_IDENTIFIER = "Aidan-Donaghey.Tests-macOS";
				PRODUCT_NAME = "$(TARGET_NAME)";
				SDKROOT = macosx;
				SWIFT_EMIT_LOC_STRINGS = NO;
				SWIFT_VERSION = 5.0;
				TEST_TARGET_NAME = "LightController (macOS)";
			};
			name = Release;
		};
/* End XCBuildConfiguration section */

/* Begin XCConfigurationList section */
		6F297161277EC18900078CCD /* Build configuration list for PBXProject "LightController" */ = {
			isa = XCConfigurationList;
			buildConfigurations = (
				6F297191277EC18B00078CCD /* Debug */,
				6F297192277EC18B00078CCD /* Release */,
			);
			defaultConfigurationIsVisible = 0;
			defaultConfigurationName = Release;
		};
		6F297193277EC18B00078CCD /* Build configuration list for PBXNativeTarget "LightController (iOS)" */ = {
			isa = XCConfigurationList;
			buildConfigurations = (
				6F297194277EC18B00078CCD /* Debug */,
				6F297195277EC18B00078CCD /* Release */,
			);
			defaultConfigurationIsVisible = 0;
			defaultConfigurationName = Release;
		};
		6F297196277EC18B00078CCD /* Build configuration list for PBXNativeTarget "LightController (macOS)" */ = {
			isa = XCConfigurationList;
			buildConfigurations = (
				6F297197277EC18B00078CCD /* Debug */,
				6F297198277EC18B00078CCD /* Release */,
			);
			defaultConfigurationIsVisible = 0;
			defaultConfigurationName = Release;
		};
		6F297199277EC18B00078CCD /* Build configuration list for PBXNativeTarget "Tests iOS" */ = {
			isa = XCConfigurationList;
			buildConfigurations = (
				6F29719A277EC18B00078CCD /* Debug */,
				6F29719B277EC18B00078CCD /* Release */,
			);
			defaultConfigurationIsVisible = 0;
			defaultConfigurationName = Release;
		};
		6F29719C277EC18B00078CCD /* Build configuration list for PBXNativeTarget "Tests macOS" */ = {
			isa = XCConfigurationList;
			buildConfigurations = (
				6F29719D277EC18B00078CCD /* Debug */,
				6F29719E277EC18B00078CCD /* Release */,
			);
			defaultConfigurationIsVisible = 0;
			defaultConfigurationName = Release;
		};
/* End XCConfigurationList section */
	};
	rootObject = 6F29715E277EC18900078CCD /* Project object */;
}
